// !$*UTF8*$!
{
	archiveVersion = 1;
	classes = {
	};
	objectVersion = 52;
	objects = {

/* Begin PBXBuildFile section */
		834889252488831D009C4113 /* DoubleTapSeekerButton.xib in Resources */ = {isa = PBXBuildFile; fileRef = 834889242488831D009C4113 /* DoubleTapSeekerButton.xib */; };
		8348892724888329009C4113 /* DoubleTapSeekerButton.swift in Sources */ = {isa = PBXBuildFile; fileRef = 8348892624888329009C4113 /* DoubleTapSeekerButton.swift */; };
		839B6272247CFDCC0042DDA1 /* VGProgressView.swift in Sources */ = {isa = PBXBuildFile; fileRef = 839B6271247CFDCC0042DDA1 /* VGProgressView.swift */; };
		83C4E90D2480C54F002033BB /* SnapKit in Frameworks */ = {isa = PBXBuildFile; productRef = 83C4E90C2480C54F002033BB /* SnapKit */; };
		83C4E90F2480C570002033BB /* ProgressThumbnailView.swift in Sources */ = {isa = PBXBuildFile; fileRef = 83C4E90E2480C570002033BB /* ProgressThumbnailView.swift */; };
		83C4E9112480D14F002033BB /* ProgressThumbnailView.xib in Resources */ = {isa = PBXBuildFile; fileRef = 83C4E9102480D14F002033BB /* ProgressThumbnailView.xib */; };
		83C4E9152480DABF002033BB /* BookmarkView.xib in Resources */ = {isa = PBXBuildFile; fileRef = 83C4E9142480DABF002033BB /* BookmarkView.xib */; };
		83C4E9172480DAD1002033BB /* BookmarkView.swift in Sources */ = {isa = PBXBuildFile; fileRef = 83C4E9162480DAD1002033BB /* BookmarkView.swift */; };
		83C4E9192480E2DD002033BB /* UIView+.swift in Sources */ = {isa = PBXBuildFile; fileRef = 83C4E9182480E2DD002033BB /* UIView+.swift */; };
		83C4E91B2480E811002033BB /* UISlider+.swift in Sources */ = {isa = PBXBuildFile; fileRef = 83C4E91A2480E811002033BB /* UISlider+.swift */; };
		83C4E91F2480ED39002033BB /* BookmarkCollectionViewCell.swift in Sources */ = {isa = PBXBuildFile; fileRef = 83C4E91D2480ED39002033BB /* BookmarkCollectionViewCell.swift */; };
		83C4E9202480ED39002033BB /* BookmarkCollectionViewCell.xib in Resources */ = {isa = PBXBuildFile; fileRef = 83C4E91E2480ED39002033BB /* BookmarkCollectionViewCell.xib */; };
		83EBD567247BBC9600973E4A /* AppDelegate.swift in Sources */ = {isa = PBXBuildFile; fileRef = 83EBD566247BBC9600973E4A /* AppDelegate.swift */; };
		83EBD569247BBC9600973E4A /* SceneDelegate.swift in Sources */ = {isa = PBXBuildFile; fileRef = 83EBD568247BBC9600973E4A /* SceneDelegate.swift */; };
		83EBD56B247BBC9600973E4A /* ViewController.swift in Sources */ = {isa = PBXBuildFile; fileRef = 83EBD56A247BBC9600973E4A /* ViewController.swift */; };
		83EBD56E247BBC9600973E4A /* Main.storyboard in Resources */ = {isa = PBXBuildFile; fileRef = 83EBD56C247BBC9600973E4A /* Main.storyboard */; };
		83EBD570247BBC9900973E4A /* Assets.xcassets in Resources */ = {isa = PBXBuildFile; fileRef = 83EBD56F247BBC9900973E4A /* Assets.xcassets */; };
		83EBD573247BBC9900973E4A /* LaunchScreen.storyboard in Resources */ = {isa = PBXBuildFile; fileRef = 83EBD571247BBC9900973E4A /* LaunchScreen.storyboard */; };
		83EBD585247CA04900973E4A /* VGPlayerSlider.swift in Sources */ = {isa = PBXBuildFile; fileRef = 83EBD583247CA04900973E4A /* VGPlayerSlider.swift */; };
/* End PBXBuildFile section */

/* Begin PBXFileReference section */
		834889242488831D009C4113 /* DoubleTapSeekerButton.xib */ = {isa = PBXFileReference; lastKnownFileType = file.xib; path = DoubleTapSeekerButton.xib; sourceTree = "<group>"; };
		8348892624888329009C4113 /* DoubleTapSeekerButton.swift */ = {isa = PBXFileReference; lastKnownFileType = sourcecode.swift; path = DoubleTapSeekerButton.swift; sourceTree = "<group>"; };
		839B6271247CFDCC0042DDA1 /* VGProgressView.swift */ = {isa = PBXFileReference; lastKnownFileType = sourcecode.swift; path = VGProgressView.swift; sourceTree = "<group>"; };
		83C4E90E2480C570002033BB /* ProgressThumbnailView.swift */ = {isa = PBXFileReference; lastKnownFileType = sourcecode.swift; path = ProgressThumbnailView.swift; sourceTree = "<group>"; };
		83C4E9102480D14F002033BB /* ProgressThumbnailView.xib */ = {isa = PBXFileReference; lastKnownFileType = file.xib; path = ProgressThumbnailView.xib; sourceTree = "<group>"; };
		83C4E9142480DABF002033BB /* BookmarkView.xib */ = {isa = PBXFileReference; lastKnownFileType = file.xib; path = BookmarkView.xib; sourceTree = "<group>"; };
		83C4E9162480DAD1002033BB /* BookmarkView.swift */ = {isa = PBXFileReference; lastKnownFileType = sourcecode.swift; path = BookmarkView.swift; sourceTree = "<group>"; };
		83C4E9182480E2DD002033BB /* UIView+.swift */ = {isa = PBXFileReference; lastKnownFileType = sourcecode.swift; path = "UIView+.swift"; sourceTree = "<group>"; };
		83C4E91A2480E811002033BB /* UISlider+.swift */ = {isa = PBXFileReference; lastKnownFileType = sourcecode.swift; path = "UISlider+.swift"; sourceTree = "<group>"; };
		83C4E91D2480ED39002033BB /* BookmarkCollectionViewCell.swift */ = {isa = PBXFileReference; lastKnownFileType = sourcecode.swift; path = BookmarkCollectionViewCell.swift; sourceTree = "<group>"; };
		83C4E91E2480ED39002033BB /* BookmarkCollectionViewCell.xib */ = {isa = PBXFileReference; lastKnownFileType = file.xib; path = BookmarkCollectionViewCell.xib; sourceTree = "<group>"; };
		83EBD563247BBC9600973E4A /* CustomSliderView.app */ = {isa = PBXFileReference; explicitFileType = wrapper.application; includeInIndex = 0; path = CustomSliderView.app; sourceTree = BUILT_PRODUCTS_DIR; };
		83EBD566247BBC9600973E4A /* AppDelegate.swift */ = {isa = PBXFileReference; lastKnownFileType = sourcecode.swift; path = AppDelegate.swift; sourceTree = "<group>"; };
		83EBD568247BBC9600973E4A /* SceneDelegate.swift */ = {isa = PBXFileReference; lastKnownFileType = sourcecode.swift; path = SceneDelegate.swift; sourceTree = "<group>"; };
		83EBD56A247BBC9600973E4A /* ViewController.swift */ = {isa = PBXFileReference; lastKnownFileType = sourcecode.swift; path = ViewController.swift; sourceTree = "<group>"; };
		83EBD56D247BBC9600973E4A /* Base */ = {isa = PBXFileReference; lastKnownFileType = file.storyboard; name = Base; path = Base.lproj/Main.storyboard; sourceTree = "<group>"; };
		83EBD56F247BBC9900973E4A /* Assets.xcassets */ = {isa = PBXFileReference; lastKnownFileType = folder.assetcatalog; path = Assets.xcassets; sourceTree = "<group>"; };
		83EBD572247BBC9900973E4A /* Base */ = {isa = PBXFileReference; lastKnownFileType = file.storyboard; name = Base; path = Base.lproj/LaunchScreen.storyboard; sourceTree = "<group>"; };
		83EBD574247BBC9900973E4A /* Info.plist */ = {isa = PBXFileReference; lastKnownFileType = text.plist.xml; path = Info.plist; sourceTree = "<group>"; };
		83EBD583247CA04900973E4A /* VGPlayerSlider.swift */ = {isa = PBXFileReference; fileEncoding = 4; lastKnownFileType = sourcecode.swift; path = VGPlayerSlider.swift; sourceTree = "<group>"; };
/* End PBXFileReference section */

/* Begin PBXFrameworksBuildPhase section */
		83EBD560247BBC9600973E4A /* Frameworks */ = {
			isa = PBXFrameworksBuildPhase;
			buildActionMask = 2147483647;
			files = (
				83C4E90D2480C54F002033BB /* SnapKit in Frameworks */,
			);
			runOnlyForDeploymentPostprocessing = 0;
		};
/* End PBXFrameworksBuildPhase section */

/* Begin PBXGroup section */
		83C4E91C2480ED13002033BB /* BookMark */ = {
			isa = PBXGroup;
			children = (
				83C4E9142480DABF002033BB /* BookmarkView.xib */,
				83C4E9162480DAD1002033BB /* BookmarkView.swift */,
				83C4E91E2480ED39002033BB /* BookmarkCollectionViewCell.xib */,
				83C4E91D2480ED39002033BB /* BookmarkCollectionViewCell.swift */,
			);
			path = BookMark;
			sourceTree = "<group>";
		};
		83EBD55A247BBC9600973E4A = {
			isa = PBXGroup;
			children = (
				83EBD565247BBC9600973E4A /* CustomSliderView */,
				83EBD564247BBC9600973E4A /* Products */,
			);
			sourceTree = "<group>";
		};
		83EBD564247BBC9600973E4A /* Products */ = {
			isa = PBXGroup;
			children = (
				83EBD563247BBC9600973E4A /* CustomSliderView.app */,
			);
			name = Products;
			sourceTree = "<group>";
		};
		83EBD565247BBC9600973E4A /* CustomSliderView */ = {
			isa = PBXGroup;
			children = (
				834889242488831D009C4113 /* DoubleTapSeekerButton.xib */,
				8348892624888329009C4113 /* DoubleTapSeekerButton.swift */,
				83C4E91C2480ED13002033BB /* BookMark */,
				83EBD566247BBC9600973E4A /* AppDelegate.swift */,
				83EBD568247BBC9600973E4A /* SceneDelegate.swift */,
				83EBD56A247BBC9600973E4A /* ViewController.swift */,
				83C4E9102480D14F002033BB /* ProgressThumbnailView.xib */,
				83C4E90E2480C570002033BB /* ProgressThumbnailView.swift */,
				83EBD583247CA04900973E4A /* VGPlayerSlider.swift */,
				839B6271247CFDCC0042DDA1 /* VGProgressView.swift */,
				83EBD56C247BBC9600973E4A /* Main.storyboard */,
				83EBD56F247BBC9900973E4A /* Assets.xcassets */,
				83EBD571247BBC9900973E4A /* LaunchScreen.storyboard */,
				83EBD574247BBC9900973E4A /* Info.plist */,
				83C4E9182480E2DD002033BB /* UIView+.swift */,
				83C4E91A2480E811002033BB /* UISlider+.swift */,
			);
			path = CustomSliderView;
			sourceTree = "<group>";
		};
/* End PBXGroup section */

/* Begin PBXNativeTarget section */
		83EBD562247BBC9600973E4A /* CustomSliderView */ = {
			isa = PBXNativeTarget;
			buildConfigurationList = 83EBD577247BBC9900973E4A /* Build configuration list for PBXNativeTarget "CustomSliderView" */;
			buildPhases = (
				83EBD55F247BBC9600973E4A /* Sources */,
				83EBD560247BBC9600973E4A /* Frameworks */,
				83EBD561247BBC9600973E4A /* Resources */,
			);
			buildRules = (
			);
			dependencies = (
			);
			name = CustomSliderView;
			packageProductDependencies = (
				83C4E90C2480C54F002033BB /* SnapKit */,
			);
			productName = CustomSliderView;
			productReference = 83EBD563247BBC9600973E4A /* CustomSliderView.app */;
			productType = "com.apple.product-type.application";
		};
/* End PBXNativeTarget section */

/* Begin PBXProject section */
		83EBD55B247BBC9600973E4A /* Project object */ = {
			isa = PBXProject;
			attributes = {
				LastSwiftUpdateCheck = 1150;
				LastUpgradeCheck = 1150;
				ORGANIZATIONNAME = kiwan;
				TargetAttributes = {
					83EBD562247BBC9600973E4A = {
						CreatedOnToolsVersion = 11.5;
					};
				};
			};
			buildConfigurationList = 83EBD55E247BBC9600973E4A /* Build configuration list for PBXProject "CustomSliderView" */;
			compatibilityVersion = "Xcode 9.3";
			developmentRegion = en;
			hasScannedForEncodings = 0;
			knownRegions = (
				en,
				Base,
			);
			mainGroup = 83EBD55A247BBC9600973E4A;
			packageReferences = (
				83C4E90B2480C54F002033BB /* XCRemoteSwiftPackageReference "SnapKit" */,
			);
			productRefGroup = 83EBD564247BBC9600973E4A /* Products */;
			projectDirPath = "";
			projectRoot = "";
			targets = (
				83EBD562247BBC9600973E4A /* CustomSliderView */,
			);
		};
/* End PBXProject section */

/* Begin PBXResourcesBuildPhase section */
		83EBD561247BBC9600973E4A /* Resources */ = {
			isa = PBXResourcesBuildPhase;
			buildActionMask = 2147483647;
			files = (
				834889252488831D009C4113 /* DoubleTapSeekerButton.xib in Resources */,
				83C4E9202480ED39002033BB /* BookmarkCollectionViewCell.xib in Resources */,
				83EBD573247BBC9900973E4A /* LaunchScreen.storyboard in Resources */,
				83EBD570247BBC9900973E4A /* Assets.xcassets in Resources */,
				83C4E9112480D14F002033BB /* ProgressThumbnailView.xib in Resources */,
				83EBD56E247BBC9600973E4A /* Main.storyboard in Resources */,
				83C4E9152480DABF002033BB /* BookmarkView.xib in Resources */,
			);
			runOnlyForDeploymentPostprocessing = 0;
		};
/* End PBXResourcesBuildPhase section */

/* Begin PBXSourcesBuildPhase section */
		83EBD55F247BBC9600973E4A /* Sources */ = {
			isa = PBXSourcesBuildPhase;
			buildActionMask = 2147483647;
			files = (
				8348892724888329009C4113 /* DoubleTapSeekerButton.swift in Sources */,
				83C4E90F2480C570002033BB /* ProgressThumbnailView.swift in Sources */,
				83EBD56B247BBC9600973E4A /* ViewController.swift in Sources */,
				83C4E91B2480E811002033BB /* UISlider+.swift in Sources */,
				839B6272247CFDCC0042DDA1 /* VGProgressView.swift in Sources */,
				83C4E91F2480ED39002033BB /* BookmarkCollectionViewCell.swift in Sources */,
				83EBD567247BBC9600973E4A /* AppDelegate.swift in Sources */,
				83C4E9192480E2DD002033BB /* UIView+.swift in Sources */,
				83EBD569247BBC9600973E4A /* SceneDelegate.swift in Sources */,
				83C4E9172480DAD1002033BB /* BookmarkView.swift in Sources */,
				83EBD585247CA04900973E4A /* VGPlayerSlider.swift in Sources */,
			);
			runOnlyForDeploymentPostprocessing = 0;
		};
/* End PBXSourcesBuildPhase section */

/* Begin PBXVariantGroup section */
		83EBD56C247BBC9600973E4A /* Main.storyboard */ = {
			isa = PBXVariantGroup;
			children = (
				83EBD56D247BBC9600973E4A /* Base */,
			);
			name = Main.storyboard;
			sourceTree = "<group>";
		};
		83EBD571247BBC9900973E4A /* LaunchScreen.storyboard */ = {
			isa = PBXVariantGroup;
			children = (
				83EBD572247BBC9900973E4A /* Base */,
			);
			name = LaunchScreen.storyboard;
			sourceTree = "<group>";
		};
/* End PBXVariantGroup section */

/* Begin XCBuildConfiguration section */
		83EBD575247BBC9900973E4A /* Debug */ = {
			isa = XCBuildConfiguration;
			buildSettings = {
				ALWAYS_SEARCH_USER_PATHS = NO;
				CLANG_ANALYZER_NONNULL = YES;
				CLANG_ANALYZER_NUMBER_OBJECT_CONVERSION = YES_AGGRESSIVE;
				CLANG_CXX_LANGUAGE_STANDARD = "gnu++14";
				CLANG_CXX_LIBRARY = "libc++";
				CLANG_ENABLE_MODULES = YES;
				CLANG_ENABLE_OBJC_ARC = YES;
				CLANG_ENABLE_OBJC_WEAK = YES;
				CLANG_WARN_BLOCK_CAPTURE_AUTORELEASING = YES;
				CLANG_WARN_BOOL_CONVERSION = YES;
				CLANG_WARN_COMMA = YES;
				CLANG_WARN_CONSTANT_CONVERSION = YES;
				CLANG_WARN_DEPRECATED_OBJC_IMPLEMENTATIONS = YES;
				CLANG_WARN_DIRECT_OBJC_ISA_USAGE = YES_ERROR;
				CLANG_WARN_DOCUMENTATION_COMMENTS = YES;
				CLANG_WARN_EMPTY_BODY = YES;
				CLANG_WARN_ENUM_CONVERSION = YES;
				CLANG_WARN_INFINITE_RECURSION = YES;
				CLANG_WARN_INT_CONVERSION = YES;
				CLANG_WARN_NON_LITERAL_NULL_CONVERSION = YES;
				CLANG_WARN_OBJC_IMPLICIT_RETAIN_SELF = YES;
				CLANG_WARN_OBJC_LITERAL_CONVERSION = YES;
				CLANG_WARN_OBJC_ROOT_CLASS = YES_ERROR;
				CLANG_WARN_RANGE_LOOP_ANALYSIS = YES;
				CLANG_WARN_STRICT_PROTOTYPES = YES;
				CLANG_WARN_SUSPICIOUS_MOVE = YES;
				CLANG_WARN_UNGUARDED_AVAILABILITY = YES_AGGRESSIVE;
				CLANG_WARN_UNREACHABLE_CODE = YES;
				CLANG_WARN__DUPLICATE_METHOD_MATCH = YES;
				COPY_PHASE_STRIP = NO;
				DEBUG_INFORMATION_FORMAT = dwarf;
				ENABLE_STRICT_OBJC_MSGSEND = YES;
				ENABLE_TESTABILITY = YES;
				GCC_C_LANGUAGE_STANDARD = gnu11;
				GCC_DYNAMIC_NO_PIC = NO;
				GCC_NO_COMMON_BLOCKS = YES;
				GCC_OPTIMIZATION_LEVEL = 0;
				GCC_PREPROCESSOR_DEFINITIONS = (
					"DEBUG=1",
					"$(inherited)",
				);
				GCC_WARN_64_TO_32_BIT_CONVERSION = YES;
				GCC_WARN_ABOUT_RETURN_TYPE = YES_ERROR;
				GCC_WARN_UNDECLARED_SELECTOR = YES;
				GCC_WARN_UNINITIALIZED_AUTOS = YES_AGGRESSIVE;
				GCC_WARN_UNUSED_FUNCTION = YES;
				GCC_WARN_UNUSED_VARIABLE = YES;
				IPHONEOS_DEPLOYMENT_TARGET = 11;
				MTL_ENABLE_DEBUG_INFO = INCLUDE_SOURCE;
				MTL_FAST_MATH = YES;
				ONLY_ACTIVE_ARCH = YES;
				SDKROOT = iphoneos;
				SWIFT_ACTIVE_COMPILATION_CONDITIONS = DEBUG;
				SWIFT_OPTIMIZATION_LEVEL = "-Onone";
			};
			name = Debug;
		};
		83EBD576247BBC9900973E4A /* Release */ = {
			isa = XCBuildConfiguration;
			buildSettings = {
				ALWAYS_SEARCH_USER_PATHS = NO;
				CLANG_ANALYZER_NONNULL = YES;
				CLANG_ANALYZER_NUMBER_OBJECT_CONVERSION = YES_AGGRESSIVE;
				CLANG_CXX_LANGUAGE_STANDARD = "gnu++14";
				CLANG_CXX_LIBRARY = "libc++";
				CLANG_ENABLE_MODULES = YES;
				CLANG_ENABLE_OBJC_ARC = YES;
				CLANG_ENABLE_OBJC_WEAK = YES;
				CLANG_WARN_BLOCK_CAPTURE_AUTORELEASING = YES;
				CLANG_WARN_BOOL_CONVERSION = YES;
				CLANG_WARN_COMMA = YES;
				CLANG_WARN_CONSTANT_CONVERSION = YES;
				CLANG_WARN_DEPRECATED_OBJC_IMPLEMENTATIONS = YES;
				CLANG_WARN_DIRECT_OBJC_ISA_USAGE = YES_ERROR;
				CLANG_WARN_DOCUMENTATION_COMMENTS = YES;
				CLANG_WARN_EMPTY_BODY = YES;
				CLANG_WARN_ENUM_CONVERSION = YES;
				CLANG_WARN_INFINITE_RECURSION = YES;
				CLANG_WARN_INT_CONVERSION = YES;
				CLANG_WARN_NON_LITERAL_NULL_CONVERSION = YES;
				CLANG_WARN_OBJC_IMPLICIT_RETAIN_SELF = YES;
				CLANG_WARN_OBJC_LITERAL_CONVERSION = YES;
				CLANG_WARN_OBJC_ROOT_CLASS = YES_ERROR;
				CLANG_WARN_RANGE_LOOP_ANALYSIS = YES;
				CLANG_WARN_STRICT_PROTOTYPES = YES;
				CLANG_WARN_SUSPICIOUS_MOVE = YES;
				CLANG_WARN_UNGUARDED_AVAILABILITY = YES_AGGRESSIVE;
				CLANG_WARN_UNREACHABLE_CODE = YES;
				CLANG_WARN__DUPLICATE_METHOD_MATCH = YES;
				COPY_PHASE_STRIP = NO;
				DEBUG_INFORMATION_FORMAT = "dwarf-with-dsym";
				ENABLE_NS_ASSERTIONS = NO;
				ENABLE_STRICT_OBJC_MSGSEND = YES;
				GCC_C_LANGUAGE_STANDARD = gnu11;
				GCC_NO_COMMON_BLOCKS = YES;
				GCC_WARN_64_TO_32_BIT_CONVERSION = YES;
				GCC_WARN_ABOUT_RETURN_TYPE = YES_ERROR;
				GCC_WARN_UNDECLARED_SELECTOR = YES;
				GCC_WARN_UNINITIALIZED_AUTOS = YES_AGGRESSIVE;
				GCC_WARN_UNUSED_FUNCTION = YES;
				GCC_WARN_UNUSED_VARIABLE = YES;
				IPHONEOS_DEPLOYMENT_TARGET = 11;
				MTL_ENABLE_DEBUG_INFO = NO;
				MTL_FAST_MATH = YES;
				SDKROOT = iphoneos;
				SWIFT_COMPILATION_MODE = wholemodule;
				SWIFT_OPTIMIZATION_LEVEL = "-O";
				VALIDATE_PRODUCT = YES;
			};
			name = Release;
		};
		83EBD578247BBC9900973E4A /* Debug */ = {
			isa = XCBuildConfiguration;
			buildSettings = {
				ASSETCATALOG_COMPILER_APPICON_NAME = AppIcon;
				CODE_SIGN_STYLE = Automatic;
				DEVELOPMENT_TEAM = 77F6X5R2CN;
				INFOPLIST_FILE = CustomSliderView/Info.plist;
				IPHONEOS_DEPLOYMENT_TARGET = 13.0;
				LD_RUNPATH_SEARCH_PATHS = (
					"$(inherited)",
					"@executable_path/Frameworks",
				);
				PRODUCT_BUNDLE_IDENTIFIER = com.kiwan.CustomSliderView;
				PRODUCT_NAME = "$(TARGET_NAME)";
				SWIFT_VERSION = 5.0;
				TARGETED_DEVICE_FAMILY = "1,2";
			};
			name = Debug;
		};
		83EBD579247BBC9900973E4A /* Release */ = {
			isa = XCBuildConfiguration;
			buildSettings = {
				ASSETCATALOG_COMPILER_APPICON_NAME = AppIcon;
				CODE_SIGN_STYLE = Automatic;
				DEVELOPMENT_TEAM = 77F6X5R2CN;
				INFOPLIST_FILE = CustomSliderView/Info.plist;
				IPHONEOS_DEPLOYMENT_TARGET = 13.0;
				LD_RUNPATH_SEARCH_PATHS = (
					"$(inherited)",
					"@executable_path/Frameworks",
				);
				PRODUCT_BUNDLE_IDENTIFIER = com.kiwan.CustomSliderView;
				PRODUCT_NAME = "$(TARGET_NAME)";
				SWIFT_VERSION = 5.0;
				TARGETED_DEVICE_FAMILY = "1,2";
			};
			name = Release;
		};
/* End XCBuildConfiguration section */

/* Begin XCConfigurationList section */
		83EBD55E247BBC9600973E4A /* Build configuration list for PBXProject "CustomSliderView" */ = {
			isa = XCConfigurationList;
			buildConfigurations = (
				83EBD575247BBC9900973E4A /* Debug */,
				83EBD576247BBC9900973E4A /* Release */,
			);
			defaultConfigurationIsVisible = 0;
			defaultConfigurationName = Release;
		};
		83EBD577247BBC9900973E4A /* Build configuration list for PBXNativeTarget "CustomSliderView" */ = {
			isa = XCConfigurationList;
			buildConfigurations = (
				83EBD578247BBC9900973E4A /* Debug */,
				83EBD579247BBC9900973E4A /* Release */,
			);
			defaultConfigurationIsVisible = 0;
			defaultConfigurationName = Release;
		};
/* End XCConfigurationList section */

/* Begin XCRemoteSwiftPackageReference section */
		83C4E90B2480C54F002033BB /* XCRemoteSwiftPackageReference "SnapKit" */ = {
			isa = XCRemoteSwiftPackageReference;
			repositoryURL = "https://github.com/SnapKit/SnapKit";
			requirement = {
				kind = upToNextMajorVersion;
				minimumVersion = 5.0.1;
			};
		};
/* End XCRemoteSwiftPackageReference section */

/* Begin XCSwiftPackageProductDependency section */
		83C4E90C2480C54F002033BB /* SnapKit */ = {
			isa = XCSwiftPackageProductDependency;
			package = 83C4E90B2480C54F002033BB /* XCRemoteSwiftPackageReference "SnapKit" */;
			productName = SnapKit;
		};
/* End XCSwiftPackageProductDependency section */
	};
	rootObject = 83EBD55B247BBC9600973E4A /* Project object */;
}
